// !$*UTF8*$!
{
	archiveVersion = 1;
	classes = {
	};
	objectVersion = 56;
	objects = {

/* Begin PBXBuildFile section */
		3B1150F32A198C9500CAC8FC /* ProfileView.swift in Sources */ = {isa = PBXBuildFile; fileRef = 3B1150F22A198C9500CAC8FC /* ProfileView.swift */; };
		3B1150F52A1AE9D300CAC8FC /* SettingsRowView.swift in Sources */ = {isa = PBXBuildFile; fileRef = 3B1150F42A1AE9D300CAC8FC /* SettingsRowView.swift */; };
		3B1150F72A1AEB6E00CAC8FC /* User.swift in Sources */ = {isa = PBXBuildFile; fileRef = 3B1150F62A1AEB6E00CAC8FC /* User.swift */; };
		3BF197812A135EEB00A78D2A /* UserAuthSwiftUIApp.swift in Sources */ = {isa = PBXBuildFile; fileRef = 3BF197802A135EEB00A78D2A /* UserAuthSwiftUIApp.swift */; };
		3BF197832A135EEB00A78D2A /* ContentView.swift in Sources */ = {isa = PBXBuildFile; fileRef = 3BF197822A135EEB00A78D2A /* ContentView.swift */; };
		3BF197852A135EEB00A78D2A /* Assets.xcassets in Resources */ = {isa = PBXBuildFile; fileRef = 3BF197842A135EEB00A78D2A /* Assets.xcassets */; };
		3BF197882A135EEB00A78D2A /* Preview Assets.xcassets in Resources */ = {isa = PBXBuildFile; fileRef = 3BF197872A135EEB00A78D2A /* Preview Assets.xcassets */; };
		3BF197972A15C53C00A78D2A /* LoginView.swift in Sources */ = {isa = PBXBuildFile; fileRef = 3BF197962A15C53C00A78D2A /* LoginView.swift */; };
		3BF197992A15C9D100A78D2A /* InputView.swift in Sources */ = {isa = PBXBuildFile; fileRef = 3BF197982A15C9D100A78D2A /* InputView.swift */; };
		3BF1979B2A15CFD600A78D2A /* RegistrationView.swift in Sources */ = {isa = PBXBuildFile; fileRef = 3BF1979A2A15CFD500A78D2A /* RegistrationView.swift */; };
/* End PBXBuildFile section */

/* Begin PBXFileReference section */
		3B1150F22A198C9500CAC8FC /* ProfileView.swift */ = {isa = PBXFileReference; lastKnownFileType = sourcecode.swift; path = ProfileView.swift; sourceTree = "<group>"; };
		3B1150F42A1AE9D300CAC8FC /* SettingsRowView.swift */ = {isa = PBXFileReference; lastKnownFileType = sourcecode.swift; path = SettingsRowView.swift; sourceTree = "<group>"; };
		3B1150F62A1AEB6E00CAC8FC /* User.swift */ = {isa = PBXFileReference; lastKnownFileType = sourcecode.swift; path = User.swift; sourceTree = "<group>"; };
		3BF1977D2A135EEB00A78D2A /* UserAuthSwiftUI.app */ = {isa = PBXFileReference; explicitFileType = wrapper.application; includeInIndex = 0; path = UserAuthSwiftUI.app; sourceTree = BUILT_PRODUCTS_DIR; };
		3BF197802A135EEB00A78D2A /* UserAuthSwiftUIApp.swift */ = {isa = PBXFileReference; lastKnownFileType = sourcecode.swift; path = UserAuthSwiftUIApp.swift; sourceTree = "<group>"; };
		3BF197822A135EEB00A78D2A /* ContentView.swift */ = {isa = PBXFileReference; lastKnownFileType = sourcecode.swift; path = ContentView.swift; sourceTree = "<group>"; };
		3BF197842A135EEB00A78D2A /* Assets.xcassets */ = {isa = PBXFileReference; lastKnownFileType = folder.assetcatalog; path = Assets.xcassets; sourceTree = "<group>"; };
		3BF197872A135EEB00A78D2A /* Preview Assets.xcassets */ = {isa = PBXFileReference; lastKnownFileType = folder.assetcatalog; path = "Preview Assets.xcassets"; sourceTree = "<group>"; };
		3BF197962A15C53C00A78D2A /* LoginView.swift */ = {isa = PBXFileReference; lastKnownFileType = sourcecode.swift; path = LoginView.swift; sourceTree = "<group>"; };
		3BF197982A15C9D100A78D2A /* InputView.swift */ = {isa = PBXFileReference; lastKnownFileType = sourcecode.swift; path = InputView.swift; sourceTree = "<group>"; };
		3BF1979A2A15CFD500A78D2A /* RegistrationView.swift */ = {isa = PBXFileReference; lastKnownFileType = sourcecode.swift; path = RegistrationView.swift; sourceTree = "<group>"; };
/* End PBXFileReference section */

/* Begin PBXFrameworksBuildPhase section */
		3BF1977A2A135EEB00A78D2A /* Frameworks */ = {
			isa = PBXFrameworksBuildPhase;
			buildActionMask = 2147483647;
			files = (
			);
			runOnlyForDeploymentPostprocessing = 0;
		};
/* End PBXFrameworksBuildPhase section */

/* Begin PBXGroup section */
		3BF197742A135EEB00A78D2A = {
			isa = PBXGroup;
			children = (
				3BF1977F2A135EEB00A78D2A /* UserAuthSwiftUI */,
				3BF1977E2A135EEB00A78D2A /* Products */,
			);
			sourceTree = "<group>";
		};
		3BF1977E2A135EEB00A78D2A /* Products */ = {
			isa = PBXGroup;
			children = (
				3BF1977D2A135EEB00A78D2A /* UserAuthSwiftUI.app */,
			);
			name = Products;
			sourceTree = "<group>";
		};
		3BF1977F2A135EEB00A78D2A /* UserAuthSwiftUI */ = {
			isa = PBXGroup;
			children = (
				3BF197922A15C4C200A78D2A /* App */,
				3BF197912A15C4C100A78D2A /* Componentes */,
				3BF197902A15C4C000A78D2A /* Core */,
				3BF1978F2A15C4BE00A78D2A /* Model */,
				3BF197842A135EEB00A78D2A /* Assets.xcassets */,
				3BF197862A135EEB00A78D2A /* Preview Content */,
			);
			path = UserAuthSwiftUI;
			sourceTree = "<group>";
		};
		3BF197862A135EEB00A78D2A /* Preview Content */ = {
			isa = PBXGroup;
			children = (
				3BF197872A135EEB00A78D2A /* Preview Assets.xcassets */,
			);
			path = "Preview Content";
			sourceTree = "<group>";
		};
		3BF1978F2A15C4BE00A78D2A /* Model */ = {
			isa = PBXGroup;
			children = (
				3B1150F62A1AEB6E00CAC8FC /* User.swift */,
			);
			path = Model;
			sourceTree = "<group>";
		};
		3BF197902A15C4C000A78D2A /* Core */ = {
			isa = PBXGroup;
			children = (
				3BF197942A15C50D00A78D2A /* Authentication */,
				3BF197952A15C51200A78D2A /* Profile */,
				3BF197932A15C4F300A78D2A /* Root */,
			);
			path = Core;
			sourceTree = "<group>";
		};
		3BF197912A15C4C100A78D2A /* Componentes */ = {
			isa = PBXGroup;
			children = (
				3BF197982A15C9D100A78D2A /* InputView.swift */,
				3B1150F42A1AE9D300CAC8FC /* SettingsRowView.swift */,
			);
			path = Componentes;
			sourceTree = "<group>";
		};
		3BF197922A15C4C200A78D2A /* App */ = {
			isa = PBXGroup;
			children = (
				3BF197802A135EEB00A78D2A /* UserAuthSwiftUIApp.swift */,
			);
			path = App;
			sourceTree = "<group>";
		};
		3BF197932A15C4F300A78D2A /* Root */ = {
			isa = PBXGroup;
			children = (
				3BF197822A135EEB00A78D2A /* ContentView.swift */,
			);
			path = Root;
			sourceTree = "<group>";
		};
		3BF197942A15C50D00A78D2A /* Authentication */ = {
			isa = PBXGroup;
			children = (
				3BF197962A15C53C00A78D2A /* LoginView.swift */,
				3BF1979A2A15CFD500A78D2A /* RegistrationView.swift */,
			);
			path = Authentication;
			sourceTree = "<group>";
		};
		3BF197952A15C51200A78D2A /* Profile */ = {
			isa = PBXGroup;
			children = (
				3B1150F22A198C9500CAC8FC /* ProfileView.swift */,
			);
			path = Profile;
			sourceTree = "<group>";
		};
/* End PBXGroup section */

/* Begin PBXNativeTarget section */
		3BF1977C2A135EEB00A78D2A /* UserAuthSwiftUI */ = {
			isa = PBXNativeTarget;
			buildConfigurationList = 3BF1978B2A135EEB00A78D2A /* Build configuration list for PBXNativeTarget "UserAuthSwiftUI" */;
			buildPhases = (
				3BF197792A135EEB00A78D2A /* Sources */,
				3BF1977A2A135EEB00A78D2A /* Frameworks */,
				3BF1977B2A135EEB00A78D2A /* Resources */,
			);
			buildRules = (
			);
			dependencies = (
			);
			name = UserAuthSwiftUI;
			productName = UserAuthSwiftUI;
			productReference = 3BF1977D2A135EEB00A78D2A /* UserAuthSwiftUI.app */;
			productType = "com.apple.product-type.application";
		};
/* End PBXNativeTarget section */

/* Begin PBXProject section */
		3BF197752A135EEB00A78D2A /* Project object */ = {
			isa = PBXProject;
			attributes = {
				BuildIndependentTargetsInParallel = 1;
				LastSwiftUpdateCheck = 1400;
				LastUpgradeCheck = 1400;
				TargetAttributes = {
					3BF1977C2A135EEB00A78D2A = {
						CreatedOnToolsVersion = 14.0.1;
					};
				};
			};
			buildConfigurationList = 3BF197782A135EEB00A78D2A /* Build configuration list for PBXProject "UserAuthSwiftUI" */;
			compatibilityVersion = "Xcode 14.0";
			developmentRegion = en;
			hasScannedForEncodings = 0;
			knownRegions = (
				en,
				Base,
			);
			mainGroup = 3BF197742A135EEB00A78D2A;
			productRefGroup = 3BF1977E2A135EEB00A78D2A /* Products */;
			projectDirPath = "";
			projectRoot = "";
			targets = (
				3BF1977C2A135EEB00A78D2A /* UserAuthSwiftUI */,
			);
		};
/* End PBXProject section */

/* Begin PBXResourcesBuildPhase section */
		3BF1977B2A135EEB00A78D2A /* Resources */ = {
			isa = PBXResourcesBuildPhase;
			buildActionMask = 2147483647;
			files = (
				3BF197882A135EEB00A78D2A /* Preview Assets.xcassets in Resources */,
				3BF197852A135EEB00A78D2A /* Assets.xcassets in Resources */,
			);
			runOnlyForDeploymentPostprocessing = 0;
		};
/* End PBXResourcesBuildPhase section */

/* Begin PBXSourcesBuildPhase section */
		3BF197792A135EEB00A78D2A /* Sources */ = {
			isa = PBXSourcesBuildPhase;
			buildActionMask = 2147483647;
			files = (
				3BF197972A15C53C00A78D2A /* LoginView.swift in Sources */,
				3BF197992A15C9D100A78D2A /* InputView.swift in Sources */,
				3BF197832A135EEB00A78D2A /* ContentView.swift in Sources */,
				3BF197812A135EEB00A78D2A /* UserAuthSwiftUIApp.swift in Sources */,
				3B1150F72A1AEB6E00CAC8FC /* User.swift in Sources */,
				3B1150F32A198C9500CAC8FC /* ProfileView.swift in Sources */,
				3BF1979B2A15CFD600A78D2A /* RegistrationView.swift in Sources */,
				3B1150F52A1AE9D300CAC8FC /* SettingsRowView.swift in Sources */,
			);
			runOnlyForDeploymentPostprocessing = 0;
		};
/* End PBXSourcesBuildPhase section */

/* Begin XCBuildConfiguration section */
		3BF197892A135EEB00A78D2A /* Debug */ = {
			isa = XCBuildConfiguration;
			buildSettings = {
				ALWAYS_SEARCH_USER_PATHS = NO;
				CLANG_ANALYZER_NONNULL = YES;
				CLANG_ANALYZER_NUMBER_OBJECT_CONVERSION = YES_AGGRESSIVE;
				CLANG_CXX_LANGUAGE_STANDARD = "gnu++20";
				CLANG_ENABLE_MODULES = YES;
				CLANG_ENABLE_OBJC_ARC = YES;
				CLANG_ENABLE_OBJC_WEAK = YES;
				CLANG_WARN_BLOCK_CAPTURE_AUTORELEASING = YES;
				CLANG_WARN_BOOL_CONVERSION = YES;
				CLANG_WARN_COMMA = YES;
				CLANG_WARN_CONSTANT_CONVERSION = YES;
				CLANG_WARN_DEPRECATED_OBJC_IMPLEMENTATIONS = YES;
				CLANG_WARN_DIRECT_OBJC_ISA_USAGE = YES_ERROR;
				CLANG_WARN_DOCUMENTATION_COMMENTS = YES;
				CLANG_WARN_EMPTY_BODY = YES;
				CLANG_WARN_ENUM_CONVERSION = YES;
				CLANG_WARN_INFINITE_RECURSION = YES;
				CLANG_WARN_INT_CONVERSION = YES;
				CLANG_WARN_NON_LITERAL_NULL_CONVERSION = YES;
				CLANG_WARN_OBJC_IMPLICIT_RETAIN_SELF = YES;
				CLANG_WARN_OBJC_LITERAL_CONVERSION = YES;
				CLANG_WARN_OBJC_ROOT_CLASS = YES_ERROR;
				CLANG_WARN_QUOTED_INCLUDE_IN_FRAMEWORK_HEADER = YES;
				CLANG_WARN_RANGE_LOOP_ANALYSIS = YES;
				CLANG_WARN_STRICT_PROTOTYPES = YES;
				CLANG_WARN_SUSPICIOUS_MOVE = YES;
				CLANG_WARN_UNGUARDED_AVAILABILITY = YES_AGGRESSIVE;
				CLANG_WARN_UNREACHABLE_CODE = YES;
				CLANG_WARN__DUPLICATE_METHOD_MATCH = YES;
				COPY_PHASE_STRIP = NO;
				DEBUG_INFORMATION_FORMAT = dwarf;
				ENABLE_STRICT_OBJC_MSGSEND = YES;
				ENABLE_TESTABILITY = YES;
				GCC_C_LANGUAGE_STANDARD = gnu11;
				GCC_DYNAMIC_NO_PIC = NO;
				GCC_NO_COMMON_BLOCKS = YES;
				GCC_OPTIMIZATION_LEVEL = 0;
				GCC_PREPROCESSOR_DEFINITIONS = (
					"DEBUG=1",
					"$(inherited)",
				);
				GCC_WARN_64_TO_32_BIT_CONVERSION = YES;
				GCC_WARN_ABOUT_RETURN_TYPE = YES_ERROR;
				GCC_WARN_UNDECLARED_SELECTOR = YES;
				GCC_WARN_UNINITIALIZED_AUTOS = YES_AGGRESSIVE;
				GCC_WARN_UNUSED_FUNCTION = YES;
				GCC_WARN_UNUSED_VARIABLE = YES;
				IPHONEOS_DEPLOYMENT_TARGET = 16.0;
				MTL_ENABLE_DEBUG_INFO = INCLUDE_SOURCE;
				MTL_FAST_MATH = YES;
				ONLY_ACTIVE_ARCH = YES;
				SDKROOT = iphoneos;
				SWIFT_ACTIVE_COMPILATION_CONDITIONS = DEBUG;
				SWIFT_OPTIMIZATION_LEVEL = "-Onone";
			};
			name = Debug;
		};
		3BF1978A2A135EEB00A78D2A /* Release */ = {
			isa = XCBuildConfiguration;
			buildSettings = {
				ALWAYS_SEARCH_USER_PATHS = NO;
				CLANG_ANALYZER_NONNULL = YES;
				CLANG_ANALYZER_NUMBER_OBJECT_CONVERSION = YES_AGGRESSIVE;
				CLANG_CXX_LANGUAGE_STANDARD = "gnu++20";
				CLANG_ENABLE_MODULES = YES;
				CLANG_ENABLE_OBJC_ARC = YES;
				CLANG_ENABLE_OBJC_WEAK = YES;
				CLANG_WARN_BLOCK_CAPTURE_AUTORELEASING = YES;
				CLANG_WARN_BOOL_CONVERSION = YES;
				CLANG_WARN_COMMA = YES;
				CLANG_WARN_CONSTANT_CONVERSION = YES;
				CLANG_WARN_DEPRECATED_OBJC_IMPLEMENTATIONS = YES;
				CLANG_WARN_DIRECT_OBJC_ISA_USAGE = YES_ERROR;
				CLANG_WARN_DOCUMENTATION_COMMENTS = YES;
				CLANG_WARN_EMPTY_BODY = YES;
				CLANG_WARN_ENUM_CONVERSION = YES;
				CLANG_WARN_INFINITE_RECURSION = YES;
				CLANG_WARN_INT_CONVERSION = YES;
				CLANG_WARN_NON_LITERAL_NULL_CONVERSION = YES;
				CLANG_WARN_OBJC_IMPLICIT_RETAIN_SELF = YES;
				CLANG_WARN_OBJC_LITERAL_CONVERSION = YES;
				CLANG_WARN_OBJC_ROOT_CLASS = YES_ERROR;
				CLANG_WARN_QUOTED_INCLUDE_IN_FRAMEWORK_HEADER = YES;
				CLANG_WARN_RANGE_LOOP_ANALYSIS = YES;
				CLANG_WARN_STRICT_PROTOTYPES = YES;
				CLANG_WARN_SUSPICIOUS_MOVE = YES;
				CLANG_WARN_UNGUARDED_AVAILABILITY = YES_AGGRESSIVE;
				CLANG_WARN_UNREACHABLE_CODE = YES;
				CLANG_WARN__DUPLICATE_METHOD_MATCH = YES;
				COPY_PHASE_STRIP = NO;
				DEBUG_INFORMATION_FORMAT = "dwarf-with-dsym";
				ENABLE_NS_ASSERTIONS = NO;
				ENABLE_STRICT_OBJC_MSGSEND = YES;
				GCC_C_LANGUAGE_STANDARD = gnu11;
				GCC_NO_COMMON_BLOCKS = YES;
				GCC_WARN_64_TO_32_BIT_CONVERSION = YES;
				GCC_WARN_ABOUT_RETURN_TYPE = YES_ERROR;
				GCC_WARN_UNDECLARED_SELECTOR = YES;
				GCC_WARN_UNINITIALIZED_AUTOS = YES_AGGRESSIVE;
				GCC_WARN_UNUSED_FUNCTION = YES;
				GCC_WARN_UNUSED_VARIABLE = YES;
				IPHONEOS_DEPLOYMENT_TARGET = 16.0;
				MTL_ENABLE_DEBUG_INFO = NO;
				MTL_FAST_MATH = YES;
				SDKROOT = iphoneos;
				SWIFT_COMPILATION_MODE = wholemodule;
				SWIFT_OPTIMIZATION_LEVEL = "-O";
				VALIDATE_PRODUCT = YES;
			};
			name = Release;
		};
		3BF1978C2A135EEB00A78D2A /* Debug */ = {
			isa = XCBuildConfiguration;
			buildSettings = {
				ASSETCATALOG_COMPILER_APPICON_NAME = AppIcon;
				ASSETCATALOG_COMPILER_GLOBAL_ACCENT_COLOR_NAME = AccentColor;
				CODE_SIGN_STYLE = Automatic;
				CURRENT_PROJECT_VERSION = 1;
				DEVELOPMENT_ASSET_PATHS = "\"UserAuthSwiftUI/Preview Content\"";
				DEVELOPMENT_TEAM = Q3MU63B4W7;
				ENABLE_PREVIEWS = YES;
				GENERATE_INFOPLIST_FILE = YES;
				INFOPLIST_KEY_UIApplicationSceneManifest_Generation = YES;
				INFOPLIST_KEY_UIApplicationSupportsIndirectInputEvents = YES;
				INFOPLIST_KEY_UILaunchScreen_Generation = YES;
				INFOPLIST_KEY_UISupportedInterfaceOrientations_iPad = "UIInterfaceOrientationPortrait UIInterfaceOrientationPortraitUpsideDown UIInterfaceOrientationLandscapeLeft UIInterfaceOrientationLandscapeRight";
				INFOPLIST_KEY_UISupportedInterfaceOrientations_iPhone = "UIInterfaceOrientationPortrait UIInterfaceOrientationLandscapeLeft UIInterfaceOrientationLandscapeRight";
				LD_RUNPATH_SEARCH_PATHS = (
					"$(inherited)",
					"@executable_path/Frameworks",
				);
				MARKETING_VERSION = 1.0;
				PRODUCT_BUNDLE_IDENTIFIER = "Javier-Bonilla.UserAuthSwiftUI";
				PRODUCT_NAME = "$(TARGET_NAME)";
				SWIFT_EMIT_LOC_STRINGS = YES;
				SWIFT_VERSION = 5.0;
				TARGETED_DEVICE_FAMILY = "1,2";
			};
			name = Debug;
		};
		3BF1978D2A135EEB00A78D2A /* Release */ = {
			isa = XCBuildConfiguration;
			buildSettings = {
				ASSETCATALOG_COMPILER_APPICON_NAME = AppIcon;
				ASSETCATALOG_COMPILER_GLOBAL_ACCENT_COLOR_NAME = AccentColor;
				CODE_SIGN_STYLE = Automatic;
				CURRENT_PROJECT_VERSION = 1;
				DEVELOPMENT_ASSET_PATHS = "\"UserAuthSwiftUI/Preview Content\"";
				DEVELOPMENT_TEAM = Q3MU63B4W7;
				ENABLE_PREVIEWS = YES;
				GENERATE_INFOPLIST_FILE = YES;
				INFOPLIST_KEY_UIApplicationSceneManifest_Generation = YES;
				INFOPLIST_KEY_UIApplicationSupportsIndirectInputEvents = YES;
				INFOPLIST_KEY_UILaunchScreen_Generation = YES;
				INFOPLIST_KEY_UISupportedInterfaceOrientations_iPad = "UIInterfaceOrientationPortrait UIInterfaceOrientationPortraitUpsideDown UIInterfaceOrientationLandscapeLeft UIInterfaceOrientationLandscapeRight";
				INFOPLIST_KEY_UISupportedInterfaceOrientations_iPhone = "UIInterfaceOrientationPortrait UIInterfaceOrientationLandscapeLeft UIInterfaceOrientationLandscapeRight";
				LD_RUNPATH_SEARCH_PATHS = (
					"$(inherited)",
					"@executable_path/Frameworks",
				);
				MARKETING_VERSION = 1.0;
				PRODUCT_BUNDLE_IDENTIFIER = "Javier-Bonilla.UserAuthSwiftUI";
				PRODUCT_NAME = "$(TARGET_NAME)";
				SWIFT_EMIT_LOC_STRINGS = YES;
				SWIFT_VERSION = 5.0;
				TARGETED_DEVICE_FAMILY = "1,2";
			};
			name = Release;
		};
/* End XCBuildConfiguration section */

/* Begin XCConfigurationList section */
		3BF197782A135EEB00A78D2A /* Build configuration list for PBXProject "UserAuthSwiftUI" */ = {
			isa = XCConfigurationList;
			buildConfigurations = (
				3BF197892A135EEB00A78D2A /* Debug */,
				3BF1978A2A135EEB00A78D2A /* Release */,
			);
			defaultConfigurationIsVisible = 0;
			defaultConfigurationName = Release;
		};
		3BF1978B2A135EEB00A78D2A /* Build configuration list for PBXNativeTarget "UserAuthSwiftUI" */ = {
			isa = XCConfigurationList;
			buildConfigurations = (
				3BF1978C2A135EEB00A78D2A /* Debug */,
				3BF1978D2A135EEB00A78D2A /* Release */,
			);
			defaultConfigurationIsVisible = 0;
			defaultConfigurationName = Release;
		};
/* End XCConfigurationList section */
	};
	rootObject = 3BF197752A135EEB00A78D2A /* Project object */;
}
